{
  "object": {
    "pins": [
      {
        "package": "libwebp",
        "repositoryURL": "https://github.com/SDWebImage/libwebp-Xcode.git",
        "state": {
          "branch": null,
          "revision": "86c1b5d567ed548da861486b54e1f8f068a3cef7",
          "version": "1.1.0"
        }
      },
      {
        "package": "SDWebImage",
        "repositoryURL": "https://github.com/SDWebImage/SDWebImage.git",
        "state": {
          "branch": null,
          "revision": "ae3d0a7703eb883a876864f17a4591158199e9f2",
          "version": "5.9.0"
        }
      }
    ]
  },
  "version": 1
}
